// !$*UTF8*$!
{
	archiveVersion = 1;
	classes = {
	};
	objectVersion = 50;
	objects = {

/* Begin PBXBuildFile section */
		9E5FC263247676F600E54FFC /* AddEntry.swift in Sources */ = {isa = PBXBuildFile; fileRef = 9E5FC262247676F600E54FFC /* AddEntry.swift */; };
		9E9166522474F6CF00687004 /* AppDelegate.swift in Sources */ = {isa = PBXBuildFile; fileRef = 9E9166512474F6CF00687004 /* AppDelegate.swift */; };
		9E9166562474F6CF00687004 /* ViewController.swift in Sources */ = {isa = PBXBuildFile; fileRef = 9E9166552474F6CF00687004 /* ViewController.swift */; };
		9E9166592474F6CF00687004 /* Main.storyboard in Resources */ = {isa = PBXBuildFile; fileRef = 9E9166572474F6CF00687004 /* Main.storyboard */; };
		9E91665B2474F6D100687004 /* Assets.xcassets in Resources */ = {isa = PBXBuildFile; fileRef = 9E91665A2474F6D100687004 /* Assets.xcassets */; };
		9E91665E2474F6D100687004 /* LaunchScreen.storyboard in Resources */ = {isa = PBXBuildFile; fileRef = 9E91665C2474F6D100687004 /* LaunchScreen.storyboard */; };
		9E91666F2474F88800687004 /* AlertExtention.swift in Sources */ = {isa = PBXBuildFile; fileRef = 9E91666E2474F88800687004 /* AlertExtention.swift */; };
		9E9166772474F92100687004 /* EndPointType.swift in Sources */ = {isa = PBXBuildFile; fileRef = 9E9166762474F92100687004 /* EndPointType.swift */; };
		9E9166792474F92E00687004 /* Router.swift in Sources */ = {isa = PBXBuildFile; fileRef = 9E9166782474F92E00687004 /* Router.swift */; };
		9E91667B2474F94200687004 /* HTTPMethod.swift in Sources */ = {isa = PBXBuildFile; fileRef = 9E91667A2474F94200687004 /* HTTPMethod.swift */; };
		9E91667F2474F95900687004 /* NetworkLogger.swift in Sources */ = {isa = PBXBuildFile; fileRef = 9E91667E2474F95900687004 /* NetworkLogger.swift */; };
		9E9166812474F98E00687004 /* NetworkManagerData.swift in Sources */ = {isa = PBXBuildFile; fileRef = 9E9166802474F98E00687004 /* NetworkManagerData.swift */; };
		9E9166832474F9AC00687004 /* DataEndpoint.swift in Sources */ = {isa = PBXBuildFile; fileRef = 9E9166822474F9AC00687004 /* DataEndpoint.swift */; };
		9E9166852474FF3D00687004 /* NewSession.swift in Sources */ = {isa = PBXBuildFile; fileRef = 9E9166842474FF3D00687004 /* NewSession.swift */; };
		9E9166872475933200687004 /* GetEntries.swift in Sources */ = {isa = PBXBuildFile; fileRef = 9E9166862475933200687004 /* GetEntries.swift */; };
/* End PBXBuildFile section */

/* Begin PBXFileReference section */
		9E5FC262247676F600E54FFC /* AddEntry.swift */ = {isa = PBXFileReference; lastKnownFileType = sourcecode.swift; path = AddEntry.swift; sourceTree = "<group>"; };
		9E91664E2474F6CF00687004 /* TestTaskworkWorkWithAPI.app */ = {isa = PBXFileReference; explicitFileType = wrapper.application; includeInIndex = 0; path = TestTaskworkWorkWithAPI.app; sourceTree = BUILT_PRODUCTS_DIR; };
		9E9166512474F6CF00687004 /* AppDelegate.swift */ = {isa = PBXFileReference; lastKnownFileType = sourcecode.swift; path = AppDelegate.swift; sourceTree = "<group>"; };
		9E9166552474F6CF00687004 /* ViewController.swift */ = {isa = PBXFileReference; lastKnownFileType = sourcecode.swift; path = ViewController.swift; sourceTree = "<group>"; };
		9E9166582474F6CF00687004 /* Base */ = {isa = PBXFileReference; lastKnownFileType = file.storyboard; name = Base; path = Base.lproj/Main.storyboard; sourceTree = "<group>"; };
		9E91665A2474F6D100687004 /* Assets.xcassets */ = {isa = PBXFileReference; lastKnownFileType = folder.assetcatalog; path = Assets.xcassets; sourceTree = "<group>"; };
		9E91665D2474F6D100687004 /* Base */ = {isa = PBXFileReference; lastKnownFileType = file.storyboard; name = Base; path = Base.lproj/LaunchScreen.storyboard; sourceTree = "<group>"; };
		9E91665F2474F6D100687004 /* Info.plist */ = {isa = PBXFileReference; lastKnownFileType = text.plist.xml; path = Info.plist; sourceTree = "<group>"; };
		9E91666E2474F88800687004 /* AlertExtention.swift */ = {isa = PBXFileReference; lastKnownFileType = sourcecode.swift; path = AlertExtention.swift; sourceTree = "<group>"; };
		9E9166762474F92100687004 /* EndPointType.swift */ = {isa = PBXFileReference; lastKnownFileType = sourcecode.swift; path = EndPointType.swift; sourceTree = "<group>"; };
		9E9166782474F92E00687004 /* Router.swift */ = {isa = PBXFileReference; lastKnownFileType = sourcecode.swift; path = Router.swift; sourceTree = "<group>"; };
		9E91667A2474F94200687004 /* HTTPMethod.swift */ = {isa = PBXFileReference; lastKnownFileType = sourcecode.swift; path = HTTPMethod.swift; sourceTree = "<group>"; };
		9E91667E2474F95900687004 /* NetworkLogger.swift */ = {isa = PBXFileReference; lastKnownFileType = sourcecode.swift; path = NetworkLogger.swift; sourceTree = "<group>"; };
		9E9166802474F98E00687004 /* NetworkManagerData.swift */ = {isa = PBXFileReference; lastKnownFileType = sourcecode.swift; path = NetworkManagerData.swift; sourceTree = "<group>"; };
		9E9166822474F9AC00687004 /* DataEndpoint.swift */ = {isa = PBXFileReference; lastKnownFileType = sourcecode.swift; path = DataEndpoint.swift; sourceTree = "<group>"; };
		9E9166842474FF3D00687004 /* NewSession.swift */ = {isa = PBXFileReference; lastKnownFileType = sourcecode.swift; path = NewSession.swift; sourceTree = "<group>"; };
		9E9166862475933200687004 /* GetEntries.swift */ = {isa = PBXFileReference; lastKnownFileType = sourcecode.swift; path = GetEntries.swift; sourceTree = "<group>"; };
/* End PBXFileReference section */

/* Begin PBXFrameworksBuildPhase section */
		9E91664B2474F6CF00687004 /* Frameworks */ = {
			isa = PBXFrameworksBuildPhase;
			buildActionMask = 2147483647;
			files = (
			);
			runOnlyForDeploymentPostprocessing = 0;
		};
/* End PBXFrameworksBuildPhase section */

/* Begin PBXGroup section */
		9E5FC2662476872C00E54FFC /* App */ = {
			isa = PBXGroup;
			children = (
			);
			path = App;
			sourceTree = "<group>";
		};
		9E9166452474F6CF00687004 = {
			isa = PBXGroup;
			children = (
				9E9166502474F6CF00687004 /* TestTaskworkWorkWithAPI */,
				9E91664F2474F6CF00687004 /* Products */,
			);
			sourceTree = "<group>";
		};
		9E91664F2474F6CF00687004 /* Products */ = {
			isa = PBXGroup;
			children = (
				9E91664E2474F6CF00687004 /* TestTaskworkWorkWithAPI.app */,
			);
			name = Products;
			sourceTree = "<group>";
		};
		9E9166502474F6CF00687004 /* TestTaskworkWorkWithAPI */ = {
			isa = PBXGroup;
			children = (
				9E5FC2662476872C00E54FFC /* App */,
				9E9166652474F72700687004 /* Network */,
				9E91666B2474F79200687004 /* Model */,
				9E91666C2474F79800687004 /* View */,
				9E91666D2474F7A000687004 /* Controller */,
				9E91666A2474F78C00687004 /* Support */,
			);
			path = TestTaskworkWorkWithAPI;
			sourceTree = "<group>";
		};
		9E9166652474F72700687004 /* Network */ = {
			isa = PBXGroup;
			children = (
				9E9166662474F73300687004 /* EndPointType */,
				9E9166672474F74500687004 /* Manager */,
				9E9166682474F75100687004 /* Service */,
			);
			path = Network;
			sourceTree = "<group>";
		};
		9E9166662474F73300687004 /* EndPointType */ = {
			isa = PBXGroup;
			children = (
				9E9166822474F9AC00687004 /* DataEndpoint.swift */,
			);
			path = EndPointType;
			sourceTree = "<group>";
		};
		9E9166672474F74500687004 /* Manager */ = {
			isa = PBXGroup;
			children = (
				9E9166802474F98E00687004 /* NetworkManagerData.swift */,
			);
			path = Manager;
			sourceTree = "<group>";
		};
		9E9166682474F75100687004 /* Service */ = {
			isa = PBXGroup;
			children = (
				9E9166762474F92100687004 /* EndPointType.swift */,
				9E9166782474F92E00687004 /* Router.swift */,
				9E91667A2474F94200687004 /* HTTPMethod.swift */,
				9E91667E2474F95900687004 /* NetworkLogger.swift */,
			);
			path = Service;
			sourceTree = "<group>";
		};
		9E91666A2474F78C00687004 /* Support */ = {
			isa = PBXGroup;
			children = (
				9E91666E2474F88800687004 /* AlertExtention.swift */,
				9E91665A2474F6D100687004 /* Assets.xcassets */,
				9E91665F2474F6D100687004 /* Info.plist */,
			);
			path = Support;
			sourceTree = "<group>";
		};
		9E91666B2474F79200687004 /* Model */ = {
			isa = PBXGroup;
			children = (
				9E9166842474FF3D00687004 /* NewSession.swift */,
				9E9166862475933200687004 /* GetEntries.swift */,
				9E5FC262247676F600E54FFC /* AddEntry.swift */,
			);
			path = Model;
			sourceTree = "<group>";
		};
		9E91666C2474F79800687004 /* View */ = {
			isa = PBXGroup;
			children = (
				9E9166572474F6CF00687004 /* Main.storyboard */,
				9E91665C2474F6D100687004 /* LaunchScreen.storyboard */,
			);
			path = View;
			sourceTree = "<group>";
		};
		9E91666D2474F7A000687004 /* Controller */ = {
			isa = PBXGroup;
			children = (
				9E9166512474F6CF00687004 /* AppDelegate.swift */,
				9E9166552474F6CF00687004 /* ViewController.swift */,
			);
			path = Controller;
			sourceTree = "<group>";
		};
/* End PBXGroup section */

/* Begin PBXNativeTarget section */
		9E91664D2474F6CF00687004 /* TestTaskworkWorkWithAPI */ = {
			isa = PBXNativeTarget;
			buildConfigurationList = 9E9166622474F6D100687004 /* Build configuration list for PBXNativeTarget "TestTaskworkWorkWithAPI" */;
			buildPhases = (
				9E91664A2474F6CF00687004 /* Sources */,
				9E91664B2474F6CF00687004 /* Frameworks */,
				9E91664C2474F6CF00687004 /* Resources */,
			);
			buildRules = (
			);
			dependencies = (
			);
			name = TestTaskworkWorkWithAPI;
			productName = TestTaskworkWorkWithAPI;
			productReference = 9E91664E2474F6CF00687004 /* TestTaskworkWorkWithAPI.app */;
			productType = "com.apple.product-type.application";
		};
/* End PBXNativeTarget section */

/* Begin PBXProject section */
		9E9166462474F6CF00687004 /* Project object */ = {
			isa = PBXProject;
			attributes = {
				LastSwiftUpdateCheck = 1140;
				LastUpgradeCheck = 1140;
				ORGANIZATIONNAME = "Максим Окунеев";
				TargetAttributes = {
					9E91664D2474F6CF00687004 = {
						CreatedOnToolsVersion = 11.4.1;
					};
				};
			};
			buildConfigurationList = 9E9166492474F6CF00687004 /* Build configuration list for PBXProject "TestTaskworkWorkWithAPI" */;
			compatibilityVersion = "Xcode 9.3";
			developmentRegion = en;
			hasScannedForEncodings = 0;
			knownRegions = (
				en,
				Base,
			);
			mainGroup = 9E9166452474F6CF00687004;
			productRefGroup = 9E91664F2474F6CF00687004 /* Products */;
			projectDirPath = "";
			projectRoot = "";
			targets = (
				9E91664D2474F6CF00687004 /* TestTaskworkWorkWithAPI */,
			);
		};
/* End PBXProject section */

/* Begin PBXResourcesBuildPhase section */
		9E91664C2474F6CF00687004 /* Resources */ = {
			isa = PBXResourcesBuildPhase;
			buildActionMask = 2147483647;
			files = (
				9E91665E2474F6D100687004 /* LaunchScreen.storyboard in Resources */,
				9E91665B2474F6D100687004 /* Assets.xcassets in Resources */,
				9E9166592474F6CF00687004 /* Main.storyboard in Resources */,
			);
			runOnlyForDeploymentPostprocessing = 0;
		};
/* End PBXResourcesBuildPhase section */

/* Begin PBXSourcesBuildPhase section */
		9E91664A2474F6CF00687004 /* Sources */ = {
			isa = PBXSourcesBuildPhase;
			buildActionMask = 2147483647;
			files = (
				9E9166792474F92E00687004 /* Router.swift in Sources */,
				9E9166872475933200687004 /* GetEntries.swift in Sources */,
				9E9166852474FF3D00687004 /* NewSession.swift in Sources */,
				9E9166562474F6CF00687004 /* ViewController.swift in Sources */,
				9E5FC263247676F600E54FFC /* AddEntry.swift in Sources */,
				9E9166772474F92100687004 /* EndPointType.swift in Sources */,
				9E91666F2474F88800687004 /* AlertExtention.swift in Sources */,
				9E91667B2474F94200687004 /* HTTPMethod.swift in Sources */,
				9E9166522474F6CF00687004 /* AppDelegate.swift in Sources */,
				9E9166812474F98E00687004 /* NetworkManagerData.swift in Sources */,
				9E9166832474F9AC00687004 /* DataEndpoint.swift in Sources */,
				9E91667F2474F95900687004 /* NetworkLogger.swift in Sources */,
			);
			runOnlyForDeploymentPostprocessing = 0;
		};
/* End PBXSourcesBuildPhase section */

/* Begin PBXVariantGroup section */
		9E9166572474F6CF00687004 /* Main.storyboard */ = {
			isa = PBXVariantGroup;
			children = (
				9E9166582474F6CF00687004 /* Base */,
			);
			name = Main.storyboard;
			sourceTree = "<group>";
		};
		9E91665C2474F6D100687004 /* LaunchScreen.storyboard */ = {
			isa = PBXVariantGroup;
			children = (
				9E91665D2474F6D100687004 /* Base */,
			);
			name = LaunchScreen.storyboard;
			sourceTree = "<group>";
		};
/* End PBXVariantGroup section */

/* Begin XCBuildConfiguration section */
		9E9166602474F6D100687004 /* Debug */ = {
			isa = XCBuildConfiguration;
			buildSettings = {
				ALWAYS_SEARCH_USER_PATHS = NO;
				CLANG_ANALYZER_NONNULL = YES;
				CLANG_ANALYZER_NUMBER_OBJECT_CONVERSION = YES_AGGRESSIVE;
				CLANG_CXX_LANGUAGE_STANDARD = "gnu++14";
				CLANG_CXX_LIBRARY = "libc++";
				CLANG_ENABLE_MODULES = YES;
				CLANG_ENABLE_OBJC_ARC = YES;
				CLANG_ENABLE_OBJC_WEAK = YES;
				CLANG_WARN_BLOCK_CAPTURE_AUTORELEASING = YES;
				CLANG_WARN_BOOL_CONVERSION = YES;
				CLANG_WARN_COMMA = YES;
				CLANG_WARN_CONSTANT_CONVERSION = YES;
				CLANG_WARN_DEPRECATED_OBJC_IMPLEMENTATIONS = YES;
				CLANG_WARN_DIRECT_OBJC_ISA_USAGE = YES_ERROR;
				CLANG_WARN_DOCUMENTATION_COMMENTS = YES;
				CLANG_WARN_EMPTY_BODY = YES;
				CLANG_WARN_ENUM_CONVERSION = YES;
				CLANG_WARN_INFINITE_RECURSION = YES;
				CLANG_WARN_INT_CONVERSION = YES;
				CLANG_WARN_NON_LITERAL_NULL_CONVERSION = YES;
				CLANG_WARN_OBJC_IMPLICIT_RETAIN_SELF = YES;
				CLANG_WARN_OBJC_LITERAL_CONVERSION = YES;
				CLANG_WARN_OBJC_ROOT_CLASS = YES_ERROR;
				CLANG_WARN_RANGE_LOOP_ANALYSIS = YES;
				CLANG_WARN_STRICT_PROTOTYPES = YES;
				CLANG_WARN_SUSPICIOUS_MOVE = YES;
				CLANG_WARN_UNGUARDED_AVAILABILITY = YES_AGGRESSIVE;
				CLANG_WARN_UNREACHABLE_CODE = YES;
				CLANG_WARN__DUPLICATE_METHOD_MATCH = YES;
				COPY_PHASE_STRIP = NO;
				DEBUG_INFORMATION_FORMAT = dwarf;
				ENABLE_STRICT_OBJC_MSGSEND = YES;
				ENABLE_TESTABILITY = YES;
				GCC_C_LANGUAGE_STANDARD = gnu11;
				GCC_DYNAMIC_NO_PIC = NO;
				GCC_NO_COMMON_BLOCKS = YES;
				GCC_OPTIMIZATION_LEVEL = 0;
				GCC_PREPROCESSOR_DEFINITIONS = (
					"DEBUG=1",
					"$(inherited)",
				);
				GCC_WARN_64_TO_32_BIT_CONVERSION = YES;
				GCC_WARN_ABOUT_RETURN_TYPE = YES_ERROR;
				GCC_WARN_UNDECLARED_SELECTOR = YES;
				GCC_WARN_UNINITIALIZED_AUTOS = YES_AGGRESSIVE;
				GCC_WARN_UNUSED_FUNCTION = YES;
				GCC_WARN_UNUSED_VARIABLE = YES;
				IPHONEOS_DEPLOYMENT_TARGET = 13.4;
				MTL_ENABLE_DEBUG_INFO = INCLUDE_SOURCE;
				MTL_FAST_MATH = YES;
				ONLY_ACTIVE_ARCH = YES;
				SDKROOT = iphoneos;
				SWIFT_ACTIVE_COMPILATION_CONDITIONS = DEBUG;
				SWIFT_OPTIMIZATION_LEVEL = "-Onone";
			};
			name = Debug;
		};
		9E9166612474F6D100687004 /* Release */ = {
			isa = XCBuildConfiguration;
			buildSettings = {
				ALWAYS_SEARCH_USER_PATHS = NO;
				CLANG_ANALYZER_NONNULL = YES;
				CLANG_ANALYZER_NUMBER_OBJECT_CONVERSION = YES_AGGRESSIVE;
				CLANG_CXX_LANGUAGE_STANDARD = "gnu++14";
				CLANG_CXX_LIBRARY = "libc++";
				CLANG_ENABLE_MODULES = YES;
				CLANG_ENABLE_OBJC_ARC = YES;
				CLANG_ENABLE_OBJC_WEAK = YES;
				CLANG_WARN_BLOCK_CAPTURE_AUTORELEASING = YES;
				CLANG_WARN_BOOL_CONVERSION = YES;
				CLANG_WARN_COMMA = YES;
				CLANG_WARN_CONSTANT_CONVERSION = YES;
				CLANG_WARN_DEPRECATED_OBJC_IMPLEMENTATIONS = YES;
				CLANG_WARN_DIRECT_OBJC_ISA_USAGE = YES_ERROR;
				CLANG_WARN_DOCUMENTATION_COMMENTS = YES;
				CLANG_WARN_EMPTY_BODY = YES;
				CLANG_WARN_ENUM_CONVERSION = YES;
				CLANG_WARN_INFINITE_RECURSION = YES;
				CLANG_WARN_INT_CONVERSION = YES;
				CLANG_WARN_NON_LITERAL_NULL_CONVERSION = YES;
				CLANG_WARN_OBJC_IMPLICIT_RETAIN_SELF = YES;
				CLANG_WARN_OBJC_LITERAL_CONVERSION = YES;
				CLANG_WARN_OBJC_ROOT_CLASS = YES_ERROR;
				CLANG_WARN_RANGE_LOOP_ANALYSIS = YES;
				CLANG_WARN_STRICT_PROTOTYPES = YES;
				CLANG_WARN_SUSPICIOUS_MOVE = YES;
				CLANG_WARN_UNGUARDED_AVAILABILITY = YES_AGGRESSIVE;
				CLANG_WARN_UNREACHABLE_CODE = YES;
				CLANG_WARN__DUPLICATE_METHOD_MATCH = YES;
				COPY_PHASE_STRIP = NO;
				DEBUG_INFORMATION_FORMAT = "dwarf-with-dsym";
				ENABLE_NS_ASSERTIONS = NO;
				ENABLE_STRICT_OBJC_MSGSEND = YES;
				GCC_C_LANGUAGE_STANDARD = gnu11;
				GCC_NO_COMMON_BLOCKS = YES;
				GCC_WARN_64_TO_32_BIT_CONVERSION = YES;
				GCC_WARN_ABOUT_RETURN_TYPE = YES_ERROR;
				GCC_WARN_UNDECLARED_SELECTOR = YES;
				GCC_WARN_UNINITIALIZED_AUTOS = YES_AGGRESSIVE;
				GCC_WARN_UNUSED_FUNCTION = YES;
				GCC_WARN_UNUSED_VARIABLE = YES;
				IPHONEOS_DEPLOYMENT_TARGET = 13.4;
				MTL_ENABLE_DEBUG_INFO = NO;
				MTL_FAST_MATH = YES;
				SDKROOT = iphoneos;
				SWIFT_COMPILATION_MODE = wholemodule;
				SWIFT_OPTIMIZATION_LEVEL = "-O";
				VALIDATE_PRODUCT = YES;
			};
			name = Release;
		};
		9E9166632474F6D100687004 /* Debug */ = {
			isa = XCBuildConfiguration;
			buildSettings = {
				ASSETCATALOG_COMPILER_APPICON_NAME = AppIcon;
				CODE_SIGN_STYLE = Automatic;
				DEVELOPMENT_TEAM = WJR74JV9LN;
				INFOPLIST_FILE = "$(SRCROOT)/TestTaskworkWorkWithAPI/Support/Info.plist";
				IPHONEOS_DEPLOYMENT_TARGET = 11.0;
				LD_RUNPATH_SEARCH_PATHS = (
					"$(inherited)",
					"@executable_path/Frameworks",
				);
				PRODUCT_BUNDLE_IDENTIFIER = "-.TestTaskworkWorkWithAPI";
				PRODUCT_NAME = "$(TARGET_NAME)";
				SWIFT_VERSION = 5.0;
				TARGETED_DEVICE_FAMILY = 1;
			};
			name = Debug;
		};
		9E9166642474F6D100687004 /* Release */ = {
			isa = XCBuildConfiguration;
			buildSettings = {
				ASSETCATALOG_COMPILER_APPICON_NAME = AppIcon;
				CODE_SIGN_STYLE = Automatic;
				DEVELOPMENT_TEAM = WJR74JV9LN;
				INFOPLIST_FILE = "$(SRCROOT)/TestTaskworkWorkWithAPI/Support/Info.plist";
				IPHONEOS_DEPLOYMENT_TARGET = 11.0;
				LD_RUNPATH_SEARCH_PATHS = (
					"$(inherited)",
					"@executable_path/Frameworks",
				);
				PRODUCT_BUNDLE_IDENTIFIER = "-.TestTaskworkWorkWithAPI";
				PRODUCT_NAME = "$(TARGET_NAME)";
				SWIFT_VERSION = 5.0;
				TARGETED_DEVICE_FAMILY = 1;
			};
			name = Release;
		};
/* End XCBuildConfiguration section */

/* Begin XCConfigurationList section */
		9E9166492474F6CF00687004 /* Build configuration list for PBXProject "TestTaskworkWorkWithAPI" */ = {
			isa = XCConfigurationList;
			buildConfigurations = (
				9E9166602474F6D100687004 /* Debug */,
				9E9166612474F6D100687004 /* Release */,
			);
			defaultConfigurationIsVisible = 0;
			defaultConfigurationName = Release;
		};
		9E9166622474F6D100687004 /* Build configuration list for PBXNativeTarget "TestTaskworkWorkWithAPI" */ = {
			isa = XCConfigurationList;
			buildConfigurations = (
				9E9166632474F6D100687004 /* Debug */,
				9E9166642474F6D100687004 /* Release */,
			);
			defaultConfigurationIsVisible = 0;
			defaultConfigurationName = Release;
		};
/* End XCConfigurationList section */
	};
	rootObject = 9E9166462474F6CF00687004 /* Project object */;
}
